{
  "originHash" : "714ebe07abbbbac947a9bed779f3a724715f3c6b3664c2c3b532299de28e47de",
  "pins" : [
    {
      "identity" : "melistorecore",
      "kind" : "remoteSourceControl",
      "location" : "https://github.com/andresduke024/MELIStoreCore",
      "state" : {
        "branch" : "main",
        "revision" : "7f0c1f265a962eec5592d1d9708b6d4a8db48c79"
      }
    },
    {
      "identity" : "melistoredesignsystem",
      "kind" : "remoteSourceControl",
      "location" : "https://github.com/andresduke024/MELIStoreDesignSystem",
      "state" : {
        "branch" : "main",
        "revision" : "418f29c970b2fcc6563dfbc9ce23299cc93f0aee"
      }
    },
    {
      "identity" : "swift-dependency-injector",
      "kind" : "remoteSourceControl",
      "location" : "https://github.com/andresduke024/swift-dependency-injector",
      "state" : {
        "revision" : "c13d93468689ac92ec1ac856ce94d73f242272cb",
        "version" : "2.0.0"
      }
    }
  ],
  "version" : 3
}
