{
  "originHash" : "8af700ddc14e448c7bd9b0fa971e33094e9b6bcb758a1f408a2440e73cb2bfd3",
  "pins" : [
    {
      "identity" : "alamofire",
      "kind" : "remoteSourceControl",
      "location" : "https://github.com/Alamofire/Alamofire.git",
      "state" : {
        "revision" : "513364f870f6bfc468f9d2ff0a95caccc10044c5",
        "version" : "5.10.2"
      }
    },
    {
      "identity" : "melistorecore",
      "kind" : "remoteSourceControl",
      "location" : "https://github.com/andresduke024/MELIStoreCore",
      "state" : {
        "branch" : "develop",
        "revision" : "c7af1a7455d2b7bf556193e69dc2510c50fe9117"
      }
    },
    {
      "identity" : "melistoredesignsystem",
      "kind" : "remoteSourceControl",
      "location" : "https://github.com/andresduke024/MELIStoreDesignSystem",
      "state" : {
        "branch" : "develop",
        "revision" : "2c124aa90603bfd35e427869c54b2d7906a7b32f"
      }
    },
    {
      "identity" : "swift-dependency-injector",
      "kind" : "remoteSourceControl",
      "location" : "https://github.com/andresduke024/swift-dependency-injector",
      "state" : {
        "revision" : "c13d93468689ac92ec1ac856ce94d73f242272cb",
        "version" : "2.0.0"
      }
    }
  ],
  "version" : 3
}
